
Microsoft Visual Studio Solution File, Format Version 12.00
# Visual Studio 15
VisualStudioVersion = 15.0.28307.902
MinimumVisualStudioVersion = 10.0.40219.1
Project("{FAE04EC0-301F-11D3-BF4B-00C04F79EFBC}") = "TechAcadStudentsMVC", "TechAcadStudentsMVC\TechAcadStudentsMVC.csproj", "{1C9198E3-9C85-4C82-B6C6-07F90A3E89CA}"
EndProject
Global
	GlobalSection(SolutionConfigurationPlatforms) = preSolution
		Debug|Any CPU = Debug|Any CPU
		Release|Any CPU = Release|Any CPU
	EndGlobalSection
	GlobalSection(ProjectConfigurationPlatforms) = postSolution
		{1C9198E3-9C85-4C82-B6C6-07F90A3E89CA}.Debug|Any CPU.ActiveCfg = Debug|Any CPU
		{1C9198E3-9C85-4C82-B6C6-07F90A3E89CA}.Debug|Any CPU.Build.0 = Debug|Any CPU
		{1C9198E3-9C85-4C82-B6C6-07F90A3E89CA}.Release|Any CPU.ActiveCfg = Release|Any CPU
		{1C9198E3-9C85-4C82-B6C6-07F90A3E89CA}.Release|Any CPU.Build.0 = Release|Any CPU
	EndGlobalSection
	GlobalSection(SolutionProperties) = preSolution
		HideSolutionNode = FALSE
	EndGlobalSection
	GlobalSection(ExtensibilityGlobals) = postSolution
		SolutionGuid = {7F7A25F5-6F91-4B4A-AB1D-A98CC93CDED4}
	EndGlobalSection
EndGlobal
